
Microsoft Visual Studio Solution File, Format Version 12.00
# Visual Studio Version 16
VisualStudioVersion = 16.0.30225.117
MinimumVisualStudioVersion = 10.0.40219.1
Project("{FAE04EC0-301F-11D3-BF4B-00C04F79EFBC}") = "SygnalizacjaSwietlna", "SygnalizacjaSwietlna\SygnalizacjaSwietlna.csproj", "{CDB6DA65-041D-413B-91BF-A0E5388E7E9A}"
EndProject
Global
	GlobalSection(SolutionConfigurationPlatforms) = preSolution
		Debug|Any CPU = Debug|Any CPU
		Release|Any CPU = Release|Any CPU
	EndGlobalSection
	GlobalSection(ProjectConfigurationPlatforms) = postSolution
		{CDB6DA65-041D-413B-91BF-A0E5388E7E9A}.Debug|Any CPU.ActiveCfg = Debug|Any CPU
		{CDB6DA65-041D-413B-91BF-A0E5388E7E9A}.Debug|Any CPU.Build.0 = Debug|Any CPU
		{CDB6DA65-041D-413B-91BF-A0E5388E7E9A}.Release|Any CPU.ActiveCfg = Release|Any CPU
		{CDB6DA65-041D-413B-91BF-A0E5388E7E9A}.Release|Any CPU.Build.0 = Release|Any CPU
	EndGlobalSection
	GlobalSection(SolutionProperties) = preSolution
		HideSolutionNode = FALSE
	EndGlobalSection
	GlobalSection(ExtensibilityGlobals) = postSolution
		SolutionGuid = {DCFBF6B8-96FC-41AB-849A-1DA1901AB478}
	EndGlobalSection
EndGlobal
